# This file is generated by running "yarn install" inside your project.
# Manual changes might be lost - proceed with caution!

__metadata:
  version: 4
  cacheKey: 7

"@types/node@npm:*, @types/node@npm:^14.14.6":
  version: 14.14.6
  resolution: "@types/node@npm:14.14.6"
  checksum: 9b06b04ab2ae3761136fb39b573f95d90e748ebcf232e126304d642e4910039a74973547635729b627a0401791a1f2491aa9aa6d4d6bb80922a0b869a2731a63
  languageName: node
  linkType: hard

"arg@npm:^4.1.0":
  version: 4.1.3
  resolution: "arg@npm:4.1.3"
  checksum: 81b3b40b1529c4fbf75b12f7c3e6fb2dcce9e78072063babc169de9b4f40777788f3d2b04380f659ef676a756e03ccfbfe78adf4477353bda906295fa69dab89
  languageName: node
  linkType: hard

"axios@npm:~0.18.0":
  version: 0.18.1
  resolution: "axios@npm:0.18.1"
  dependencies:
    follow-redirects: 1.5.10
    is-buffer: ^2.0.2
  checksum: 6188a1b815733c1b6118eddc70d931caea7f867ca77ade8205e49cd6e457b837460cc4e325e19c66a81190a170fde5b76480878366b3743131977da76d571bec
  languageName: node
  linkType: hard

"boolbase@npm:~1.0.0":
  version: 1.0.0
  resolution: "boolbase@npm:1.0.0"
  checksum: e827963c416fdb1dbcd57e066a43c40829518f4dcdc9f58ed04519daeebb610adacbb6cf102518bda9f08be593c5b1b49a83e36bf6b7d91b3403f7e35510eeae
  languageName: node
  linkType: hard

"buffer-from@npm:^1.0.0":
  version: 1.1.1
  resolution: "buffer-from@npm:1.1.1"
  checksum: 540ceb79c4f5bfcadaabbc18324fa84c50dc52905084be7c03596a339cf5a88513bee6831ce9b36ddd046fab09257a7c80686e129d0559a0cfd141da196ad956
  languageName: node
  linkType: hard

"cheerio@npm:~1.0.0-rc.2":
  version: 1.0.0-rc.3
  resolution: "cheerio@npm:1.0.0-rc.3"
  dependencies:
    css-select: ~1.2.0
    dom-serializer: ~0.1.1
    entities: ~1.1.1
    htmlparser2: ^3.9.1
    lodash: ^4.15.0
    parse5: ^3.0.1
  checksum: 142f40a91badc37744a8cb2e14f7cff4e630602e5fd2ddb8b59649898e6974147db56e06f0f024e649816bb181d02a021f0b9f81c6dff7b94e4019c2a4e87bd1
  languageName: node
  linkType: hard

"css-select@npm:~1.2.0":
  version: 1.2.0
  resolution: "css-select@npm:1.2.0"
  dependencies:
    boolbase: ~1.0.0
    css-what: 2.1
    domutils: 1.5.1
    nth-check: ~1.0.1
  checksum: c1fdd9040c677cd872e57761aafce8b603fa3c979117cc9d70e0e4901d6e0c751abe3b05b93d918835413165916d7f7132559a6f350863124f6bbbec2b1694d8
  languageName: node
  linkType: hard

"css-what@npm:2.1":
  version: 2.1.3
  resolution: "css-what@npm:2.1.3"
  checksum: 732fcecfe3247eadd79081790934f9aa003ca935657d87a4737afc03dc378f8f3d1a071066328a226d98299d15e855c886f625119fe1d7f2367659d3335bde6f
  languageName: node
  linkType: hard

"debug@npm:=3.1.0":
  version: 3.1.0
  resolution: "debug@npm:3.1.0"
  dependencies:
    ms: 2.0.0
  checksum: 1295acd5e0531761255661d325cd0a80ac8c5f6de8942a53bb23c2197ccb97526972de662ed0e5d9393be83f3428a298a6e7185ecb02f0da6282019cd2ffb4a8
  languageName: node
  linkType: hard

"delay@npm:^4.4.0":
  version: 4.4.0
  resolution: "delay@npm:4.4.0"
  checksum: cb54b19a68b8f299c601e59819b54f6c9927421556d2eed75ddc1fcffccfe030259fb4b573da41d59d3beca4591c15f7018bfd89c5845cf38dd4897c70730a07
  languageName: node
  linkType: hard

"diff@npm:^4.0.1":
  version: 4.0.2
  resolution: "diff@npm:4.0.2"
  checksum: 81b5cd7ddde6f0ba2a532d434cfdca365aedd6cc62bb133e851e66e071d40382a30924a07c1034bd3d5a2e332146f64514b73c06fe2ebc0490a67f0c98da79fb
  languageName: node
  linkType: hard

"dom-serializer@npm:0":
  version: 0.2.2
  resolution: "dom-serializer@npm:0.2.2"
  dependencies:
    domelementtype: ^2.0.1
    entities: ^2.0.0
  checksum: 598e05e71b8cdb03424393c0631818b978b9fee2dd18d0215a9ee97a6dee86bddd1dcfae4609c173185a9f1bcde24d4a87e1f0d512d66b76536b21fc3f34fc03
  languageName: node
  linkType: hard

"dom-serializer@npm:~0.1.1":
  version: 0.1.1
  resolution: "dom-serializer@npm:0.1.1"
  dependencies:
    domelementtype: ^1.3.0
    entities: ^1.1.1
  checksum: 5c6c89b18c6db6dcb3697b1e63a3118ae7126c5bf1f3d39861bb9e585b7a46232866c5e0d5ff9175afac79395618716cfb285439c85f8c805f09da1f5caf2264
  languageName: node
  linkType: hard

"domelementtype@npm:1, domelementtype@npm:^1.3.0, domelementtype@npm:^1.3.1":
  version: 1.3.1
  resolution: "domelementtype@npm:1.3.1"
  checksum: a4791788de07071422b2fe63b58cfb89c2507def6864954d0d7a062adb00fc925059856d29c3e48051c8fa2f20147e5d3fb24b1adbc5bdf0f9e99981b53b74c6
  languageName: node
  linkType: hard

"domelementtype@npm:^2.0.1":
  version: 2.0.2
  resolution: "domelementtype@npm:2.0.2"
  checksum: 80a6e339f77079de7d606f7032c1a060584081bc0a16f6161becf3d8e8c2ba555b4ee21843352cde4db9182adf336445324db5143f2e69b1e5b1883b9c548b58
  languageName: node
  linkType: hard

"domhandler@npm:^2.3.0":
  version: 2.4.2
  resolution: "domhandler@npm:2.4.2"
  dependencies:
    domelementtype: 1
  checksum: dbe99b096aaf6e0618efc2e7e39d46448cba00999b08ba14970ee4d7a8916c4d4d463fcc1b4a7f247b34f47d1c115eec8fa5f8a4d1e430b2207da32bdf41f49a
  languageName: node
  linkType: hard

"domutils@npm:1.5.1":
  version: 1.5.1
  resolution: "domutils@npm:1.5.1"
  dependencies:
    dom-serializer: 0
    domelementtype: 1
  checksum: ffc578118d3e50d0f34a0bba37575492998d43b7e54764533b1890e6c233b67068a0f369d1d23d200aa71c3fe87f2d60fdc4a87479e416edafecc33f00fc9735
  languageName: node
  linkType: hard

"domutils@npm:^1.5.1":
  version: 1.7.0
  resolution: "domutils@npm:1.7.0"
  dependencies:
    dom-serializer: 0
    domelementtype: 1
  checksum: a5b2f01fb3ff626073e3c3b43fedcff34073fb059b1235ee31cd0b5690d826304f41bc3fd117f95d754a1666ac3a57d224b408d83dd4f1c4525fd5b636d8df6f
  languageName: node
  linkType: hard

"entities@npm:^1.1.1, entities@npm:~1.1.1":
  version: 1.1.2
  resolution: "entities@npm:1.1.2"
  checksum: 3a4259db358c612853e616915d398e692a3c5dbaa4da44b9a6fce15ab88615cadc9790af608c3bee152972ece69ae61a22f4a13272fd943db2ceaee02ce5cc87
  languageName: node
  linkType: hard

"entities@npm:^2.0.0":
  version: 2.1.0
  resolution: "entities@npm:2.1.0"
  checksum: 91d5330633b97df881bcd02e233d32067876d45abdc7c75cf058ded524d8b22f8dc7a3965813d6982ceeba918abdbd9029a0459759ee5f6f98ec953a4786612f
  languageName: node
  linkType: hard

"follow-redirects@npm:1.5.10":
  version: 1.5.10
  resolution: "follow-redirects@npm:1.5.10"
  dependencies:
    debug: =3.1.0
  checksum: 6e58e02c31337b6b41ffc3d5f3d49920b7db428eddcf374537da00ef121fe473983e12d8557f4304287604168d3efcc288d1f009abaf4c9d61e5db0c0cee3c4a
  languageName: node
  linkType: hard

"htmlparser2@npm:^3.9.1":
  version: 3.10.1
  resolution: "htmlparser2@npm:3.10.1"
  dependencies:
    domelementtype: ^1.3.1
    domhandler: ^2.3.0
    domutils: ^1.5.1
    entities: ^1.1.1
    inherits: ^2.0.1
    readable-stream: ^3.1.1
  checksum: 94fa6312e6c378b1c0f1626d3f468f0b25c5dcf6689bfa61fa0002c044c4c77842b5122feb84b501b02539165917febba0ffe754046996c9e8ed77c1bb65e66c
  languageName: node
  linkType: hard

"inherits@npm:^2.0.1, inherits@npm:^2.0.3":
  version: 2.0.4
  resolution: "inherits@npm:2.0.4"
  checksum: 98426da247ddfc3dcd7d7daedd90c3ca32d5b08deca08949726f12d49232aef94772a07b36cf4ff833e105ae2ef931777f6de4a6dd8245a216b9299ad4a50bea
  languageName: node
  linkType: hard

"is-buffer@npm:^2.0.2":
  version: 2.0.5
  resolution: "is-buffer@npm:2.0.5"
  checksum: 1a6dc68206e834887d3b0d8e8ec6c95e0d780314479526a5a2cf458838d1bc441a105c4cebf95d8cc16e383238f66c41761ec622f6154043186e3d9439d56970
  languageName: node
  linkType: hard

"lodash@npm:^4.15.0":
  version: 4.17.20
  resolution: "lodash@npm:4.17.20"
  checksum: c62101d2500c383b5f174a7e9e6fe8098149ddd6e9ccfa85f36d4789446195f5c4afd3cfba433026bcaf3da271256566b04a2bf2618e5a39f6e67f8c12030cb6
  languageName: node
  linkType: hard

"make-error@npm:^1.1.1":
  version: 1.3.6
  resolution: "make-error@npm:1.3.6"
  checksum: 2c780bab8409b865e8ee86697c599a2bf2765ec64d21eb67ccda27050e039f983feacad05a0d43aba3c966ea03d305d2612e94fec45474bcbc61181f57c5bb88
  languageName: node
  linkType: hard

"ms@npm:2.0.0":
  version: 2.0.0
  resolution: "ms@npm:2.0.0"
  checksum: 1a230340cc7f322fbe916783d8c8d60455407c6b7fb7f901d6ee34eb272402302c5c7f070a97b8531245cbb4ca6a0a623f6a128d7e5a5440cefa2c669c0b35bb
  languageName: node
  linkType: hard

"nth-check@npm:~1.0.1":
  version: 1.0.2
  resolution: "nth-check@npm:1.0.2"
  dependencies:
    boolbase: ~1.0.0
  checksum: 88a58b8b6289344749102019422705e8e6fa870d55e4bd4c71f860105ea5b8145ae71657f6edd6df953964081f52d65936a3eec4af1d9ee42122e42d293b2abe
  languageName: node
  linkType: hard

"parse5@npm:^3.0.1":
  version: 3.0.3
  resolution: "parse5@npm:3.0.3"
  dependencies:
    "@types/node": "*"
  checksum: 47086524700bc3f0806e2dec819a93a71684931736393bfb454a0c9fb58861710248f21ad2fc351ce9639e1158db07bca05ac9df79dfaad6eeb3a9a7d9482ec7
  languageName: node
  linkType: hard

"readable-stream@npm:^3.1.1":
  version: 3.6.0
  resolution: "readable-stream@npm:3.6.0"
  dependencies:
    inherits: ^2.0.3
    string_decoder: ^1.1.1
    util-deprecate: ^1.0.1
  checksum: f178b1daa80d9e58ebba71dbb08486430aa6f0dea3a22a1b7401f3f6983077d0bc0edea43099db06b8d006c9ad48d6383e8fb72c05d5b187670aeaf1b9b44f00
  languageName: node
  linkType: hard

"safe-buffer@npm:~5.2.0":
  version: 5.2.1
  resolution: "safe-buffer@npm:5.2.1"
  checksum: 0bb57f0d8f9d1fa4fe35ad8a2db1f83a027d48f2822d59ede88fd5cd4ddad83c0b497213feb7a70fbf90597a70c5217f735b0eb1850df40ce9b4ae81dd22b3f9
  languageName: node
  linkType: hard

"source-map-support@npm:^0.5.17":
  version: 0.5.19
  resolution: "source-map-support@npm:0.5.19"
  dependencies:
    buffer-from: ^1.0.0
    source-map: ^0.6.0
  checksum: 59d4efaae97755155b078413ecba63517e3ef054cc7ab767bbd30e6f3054be2ae8e8f5cce7eef53b7eb93e98fe27a58dd8f5e7abfb13144ba420ddaf5267bbb2
  languageName: node
  linkType: hard

"source-map@npm:^0.6.0":
  version: 0.6.1
  resolution: "source-map@npm:0.6.1"
  checksum: 8647829a0611724114022be455ca1c8a2c8ae61df81c5b3667d9b398207226a1e21174fb7bbf0b4dbeb27ac358222afb5a14f1c74a62a62b8883b012e5eb1270
  languageName: node
  linkType: hard

"string_decoder@npm:^1.1.1":
  version: 1.3.0
  resolution: "string_decoder@npm:1.3.0"
  dependencies:
    safe-buffer: ~5.2.0
  checksum: 0a09afb610cb538707fcf0a50a080f159040529eabdba82f23b04f1d1f90adf9ba18cc3800231c6ab2ee55dece047f4bed87c56da52b2afd85c3c7fb73eb7e48
  languageName: node
  linkType: hard

"trending-github@npm:^2.0.7":
  version: 2.0.7
  resolution: "trending-github@npm:2.0.7"
  dependencies:
    axios: ~0.18.0
    cheerio: ~1.0.0-rc.2
  checksum: e69039d69e152fd5d0d10a2a36ae4c9560bf6e5b91525a23c75cdcc72c67b6fcc3c46b768dc0cac7f0ff1536b46ff3af67b5b5b003eeb325c33ccebd70025e1a
  languageName: node
  linkType: hard

"trending@workspace:.":
  version: 0.0.0-use.local
  resolution: "trending@workspace:."
  dependencies:
    "@types/node": ^14.14.6
    delay: ^4.4.0
    trending-github: ^2.0.7
    ts-node: ^9.0.0
    typescript: ^4.0.5
  languageName: unknown
  linkType: soft

"ts-node@npm:^9.0.0":
  version: 9.0.0
  resolution: "ts-node@npm:9.0.0"
  dependencies:
    arg: ^4.1.0
    diff: ^4.0.1
    make-error: ^1.1.1
    source-map-support: ^0.5.17
    yn: 3.1.1
  peerDependencies:
    typescript: ">=2.7"
  bin:
    ts-node: dist/bin.js
    ts-node-script: dist/bin-script.js
    ts-node-transpile-only: dist/bin-transpile.js
    ts-script: dist/bin-script-deprecated.js
  checksum: 49d2ab087fc4b93f0a292e426ea6d242a80d1a4809ac008758bb0170aea1a85cd4182792c1d70889285fe5328cd8bd1ffb1e5108d1c4f31c39dbe9151ea4cabe
  languageName: node
  linkType: hard

typescript@^4.0.5:
  version: 4.0.5
  resolution: "typescript@npm:4.0.5"
  bin:
    tsc: bin/tsc
    tsserver: bin/tsserver
  checksum: ce94d4bbb914cc9d6fbd42e1476ab18c3292b262b8ba7ba76cd167a858545207a604e75bf1efbb75b8654c8f85deaa19795c3ef00098d7612855139b4ecc0240
  languageName: node
  linkType: hard

"typescript@patch:typescript@^4.0.5#builtin<compat/typescript>":
  version: 4.0.5
  resolution: "typescript@patch:typescript@npm%3A4.0.5#builtin<compat/typescript>::version=4.0.5&hash=5bf698"
  bin:
    tsc: bin/tsc
    tsserver: bin/tsserver
  checksum: d4be0bd2a2050b2d7b132cb2a40329178f181543e9d2ac6d1f06babd9f047208558a736a7effdeb28759ae2e815f070b61d10ee2f02cc93a6221a1490f21ffce
  languageName: node
  linkType: hard

"util-deprecate@npm:^1.0.1":
  version: 1.0.2
  resolution: "util-deprecate@npm:1.0.2"
  checksum: 73c2b1cf0210ccac300645384d8443cabbd93194117b2dc1b3bae8d8279ad39aedac857e020c4ea505e96a1045059c7359db3df6a9df0be6b8584166c9d61dc9
  languageName: node
  linkType: hard

"yn@npm:3.1.1":
  version: 3.1.1
  resolution: "yn@npm:3.1.1"
  checksum: bff63b80568d80c711670935427494dde47cdf97e8b04196b140ce0af519c81c5ee857eddad0caa8b422dd65aea0157bbfaacbb1546bebba623f0f383d5d9ae5
  languageName: node
  linkType: hard
